
Microsoft Visual Studio Solution File, Format Version 12.00
# Visual Studio Version 17
VisualStudioVersion = 17.8.34330.188
MinimumVisualStudioVersion = 10.0.40219.1
Project("{8BC9CEB8-8B4A-11D0-8D11-00A0C91BC942}") = "lab6", "lab6\lab6.vcxproj", "{417D1D75-F29D-47FB-8544-E56B9F1EE227}"
EndProject
Global
	GlobalSection(SolutionConfigurationPlatforms) = preSolution
		Debug|x64 = Debug|x64
		Debug|x86 = Debug|x86
		Release|x64 = Release|x64
		Release|x86 = Release|x86
	EndGlobalSection
	GlobalSection(ProjectConfigurationPlatforms) = postSolution
		{417D1D75-F29D-47FB-8544-E56B9F1EE227}.Debug|x64.ActiveCfg = Debug|x64
		{417D1D75-F29D-47FB-8544-E56B9F1EE227}.Debug|x64.Build.0 = Debug|x64
		{417D1D75-F29D-47FB-8544-E56B9F1EE227}.Debug|x86.ActiveCfg = Debug|Win32
		{417D1D75-F29D-47FB-8544-E56B9F1EE227}.Debug|x86.Build.0 = Debug|Win32
		{417D1D75-F29D-47FB-8544-E56B9F1EE227}.Release|x64.ActiveCfg = Release|x64
		{417D1D75-F29D-47FB-8544-E56B9F1EE227}.Release|x64.Build.0 = Release|x64
		{417D1D75-F29D-47FB-8544-E56B9F1EE227}.Release|x86.ActiveCfg = Release|Win32
		{417D1D75-F29D-47FB-8544-E56B9F1EE227}.Release|x86.Build.0 = Release|Win32
	EndGlobalSection
	GlobalSection(SolutionProperties) = preSolution
		HideSolutionNode = FALSE
	EndGlobalSection
	GlobalSection(ExtensibilityGlobals) = postSolution
		SolutionGuid = {7656567D-E14C-4C3C-92D0-BFBA56149AD3}
	EndGlobalSection
EndGlobal
