
Microsoft Visual Studio Solution File, Format Version 12.00
# Visual Studio Version 17
VisualStudioVersion = 17.7.34202.233
MinimumVisualStudioVersion = 10.0.40219.1
Project("{FAE04EC0-301F-11D3-BF4B-00C04F79EFBC}") = "OptimizationMethods", "OptimizationMethods\OptimizationMethods.csproj", "{F7E85B69-F920-47F5-8694-3BE9A2D33F26}"
EndProject
Global
	GlobalSection(SolutionConfigurationPlatforms) = preSolution
		Debug|Any CPU = Debug|Any CPU
		Release|Any CPU = Release|Any CPU
	EndGlobalSection
	GlobalSection(ProjectConfigurationPlatforms) = postSolution
		{F7E85B69-F920-47F5-8694-3BE9A2D33F26}.Debug|Any CPU.ActiveCfg = Debug|Any CPU
		{F7E85B69-F920-47F5-8694-3BE9A2D33F26}.Debug|Any CPU.Build.0 = Debug|Any CPU
		{F7E85B69-F920-47F5-8694-3BE9A2D33F26}.Release|Any CPU.ActiveCfg = Release|Any CPU
		{F7E85B69-F920-47F5-8694-3BE9A2D33F26}.Release|Any CPU.Build.0 = Release|Any CPU
	EndGlobalSection
	GlobalSection(SolutionProperties) = preSolution
		HideSolutionNode = FALSE
	EndGlobalSection
	GlobalSection(ExtensibilityGlobals) = postSolution
		SolutionGuid = {75B62664-40FA-498B-94C8-B4107336F85C}
	EndGlobalSection
EndGlobal
